
Microsoft Visual Studio Solution File, Format Version 12.00
# Visual Studio Version 17
VisualStudioVersion = 17.10.35013.160
MinimumVisualStudioVersion = 10.0.40219.1
Project("{FAE04EC0-301F-11D3-BF4B-00C04F79EFBC}") = "DiaryManager", "DiaryManager.csproj", "{235F863B-0704-4F6B-94D5-B40688D6700E}"
EndProject
Project("{FAE04EC0-301F-11D3-BF4B-00C04F79EFBC}") = "DiaryManagerTests", "..\DiaryManagerTests\DiaryManagerTests.csproj", "{AEEEDDB6-19AD-4625-9961-5B42C47F6D9C}"
EndProject
Global
	GlobalSection(SolutionConfigurationPlatforms) = preSolution
		Debug|Any CPU = Debug|Any CPU
		Release|Any CPU = Release|Any CPU
	EndGlobalSection
	GlobalSection(ProjectConfigurationPlatforms) = postSolution
		{235F863B-0704-4F6B-94D5-B40688D6700E}.Debug|Any CPU.ActiveCfg = Debug|Any CPU
		{235F863B-0704-4F6B-94D5-B40688D6700E}.Debug|Any CPU.Build.0 = Debug|Any CPU
		{235F863B-0704-4F6B-94D5-B40688D6700E}.Release|Any CPU.ActiveCfg = Release|Any CPU
		{235F863B-0704-4F6B-94D5-B40688D6700E}.Release|Any CPU.Build.0 = Release|Any CPU
		{AEEEDDB6-19AD-4625-9961-5B42C47F6D9C}.Debug|Any CPU.ActiveCfg = Debug|Any CPU
		{AEEEDDB6-19AD-4625-9961-5B42C47F6D9C}.Debug|Any CPU.Build.0 = Debug|Any CPU
		{AEEEDDB6-19AD-4625-9961-5B42C47F6D9C}.Release|Any CPU.ActiveCfg = Release|Any CPU
		{AEEEDDB6-19AD-4625-9961-5B42C47F6D9C}.Release|Any CPU.Build.0 = Release|Any CPU
	EndGlobalSection
	GlobalSection(SolutionProperties) = preSolution
		HideSolutionNode = FALSE
	EndGlobalSection
	GlobalSection(ExtensibilityGlobals) = postSolution
		SolutionGuid = {1E1B64A2-27AF-441F-AAAB-A0A3AEF15544}
	EndGlobalSection
EndGlobal
